
Microsoft Visual Studio Solution File, Format Version 12.00
# Visual Studio 15
VisualStudioVersion = 15.0.27428.2015
MinimumVisualStudioVersion = 10.0.40219.1
Project("{FAE04EC0-301F-11D3-BF4B-00C04F79EFBC}") = "MukulDockerTest", "MukulDockerTest\MukulDockerTest.csproj", "{A74881A2-8038-47EB-BF9C-1E0013BF78EA}"
EndProject
Project("{E53339B2-1760-4266-BCC7-CA923CBCF16C}") = "docker-compose", "docker-compose.dcproj", "{0001F213-CF25-4701-909D-91CCA76B91F2}"
EndProject
Global
	GlobalSection(SolutionConfigurationPlatforms) = preSolution
		Debug|Any CPU = Debug|Any CPU
		Release|Any CPU = Release|Any CPU
	EndGlobalSection
	GlobalSection(ProjectConfigurationPlatforms) = postSolution
		{A74881A2-8038-47EB-BF9C-1E0013BF78EA}.Debug|Any CPU.ActiveCfg = Debug|Any CPU
		{A74881A2-8038-47EB-BF9C-1E0013BF78EA}.Debug|Any CPU.Build.0 = Debug|Any CPU
		{A74881A2-8038-47EB-BF9C-1E0013BF78EA}.Release|Any CPU.ActiveCfg = Release|Any CPU
		{A74881A2-8038-47EB-BF9C-1E0013BF78EA}.Release|Any CPU.Build.0 = Release|Any CPU
		{0001F213-CF25-4701-909D-91CCA76B91F2}.Debug|Any CPU.ActiveCfg = Debug|Any CPU
		{0001F213-CF25-4701-909D-91CCA76B91F2}.Debug|Any CPU.Build.0 = Debug|Any CPU
		{0001F213-CF25-4701-909D-91CCA76B91F2}.Release|Any CPU.ActiveCfg = Release|Any CPU
		{0001F213-CF25-4701-909D-91CCA76B91F2}.Release|Any CPU.Build.0 = Release|Any CPU
	EndGlobalSection
	GlobalSection(SolutionProperties) = preSolution
		HideSolutionNode = FALSE
	EndGlobalSection
	GlobalSection(ExtensibilityGlobals) = postSolution
		SolutionGuid = {C7CC2A8C-AF03-4BA1-977F-E61C1B11BC7C}
	EndGlobalSection
EndGlobal
